Microsoft Visual Studio Solution File, Format Version 12.00
Project("{FAE04EC0-301F-11D3-BF4B-00C04F79EFBC}") = "AdminAccAdd", "AdminAccAdd.csproj", "{0D012877-6144-44D4-BF3C-784A19B049C8}"
EndProject
Global
	GlobalSection(SolutionConfigurationPlatforms) = preSolution
		Debug|Any CPU = Debug|Any CPU
		Release|Any CPU = Release|Any CPU
	EndGlobalSection
	GlobalSection(ProjectConfigurationPlatforms) = postSolution
		{0D012877-6144-44D4-BF3C-784A19B049C8}.Debug|Any CPU.ActiveCfg = Debug|Any CPU
		{0D012877-6144-44D4-BF3C-784A19B049C8}.Debug|Any CPU.Build.0 = Debug|Any CPU
		{0D012877-6144-44D4-BF3C-784A19B049C8}.Release|Any CPU.ActiveCfg = Release|Any CPU
		{0D012877-6144-44D4-BF3C-784A19B049C8}.Release|Any CPU.Build.0 = Release|Any CPU
	EndGlobalSection
EndGlobal
